
Microsoft Visual Studio Solution File, Format Version 12.00
# Visual Studio Version 16
VisualStudioVersion = 16.0.29306.81
MinimumVisualStudioVersion = 10.0.40219.1
Project("{FAE04EC0-301F-11D3-BF4B-00C04F79EFBC}") = "NotePadMini", "NotePadMini\NotePadMini.csproj", "{CACE8DC0-BDB9-400A-9C69-152F0DEFF18D}"
EndProject
Global
	GlobalSection(SolutionConfigurationPlatforms) = preSolution
		Debug|Any CPU = Debug|Any CPU
		Release|Any CPU = Release|Any CPU
	EndGlobalSection
	GlobalSection(ProjectConfigurationPlatforms) = postSolution
		{CACE8DC0-BDB9-400A-9C69-152F0DEFF18D}.Debug|Any CPU.ActiveCfg = Debug|Any CPU
		{CACE8DC0-BDB9-400A-9C69-152F0DEFF18D}.Debug|Any CPU.Build.0 = Debug|Any CPU
		{CACE8DC0-BDB9-400A-9C69-152F0DEFF18D}.Release|Any CPU.ActiveCfg = Release|Any CPU
		{CACE8DC0-BDB9-400A-9C69-152F0DEFF18D}.Release|Any CPU.Build.0 = Release|Any CPU
	EndGlobalSection
	GlobalSection(SolutionProperties) = preSolution
		HideSolutionNode = FALSE
	EndGlobalSection
	GlobalSection(ExtensibilityGlobals) = postSolution
		SolutionGuid = {788DAC26-14F5-4911-8E71-B8F4EF1B1A05}
	EndGlobalSection
EndGlobal
